
Microsoft Visual Studio Solution File, Format Version 12.00
# Visual Studio Version 17
VisualStudioVersion = 17.1.32421.90
MinimumVisualStudioVersion = 10.0.40219.1
Project("{FAE04EC0-301F-11D3-BF4B-00C04F79EFBC}") = "Hola Mundo", "Hola Mundo\Hola Mundo.csproj", "{304E4677-48AB-400F-9CF4-3AB806074868}"
EndProject
Global
	GlobalSection(SolutionConfigurationPlatforms) = preSolution
		Debug|Any CPU = Debug|Any CPU
		Release|Any CPU = Release|Any CPU
	EndGlobalSection
	GlobalSection(ProjectConfigurationPlatforms) = postSolution
		{304E4677-48AB-400F-9CF4-3AB806074868}.Debug|Any CPU.ActiveCfg = Debug|Any CPU
		{304E4677-48AB-400F-9CF4-3AB806074868}.Debug|Any CPU.Build.0 = Debug|Any CPU
		{304E4677-48AB-400F-9CF4-3AB806074868}.Release|Any CPU.ActiveCfg = Release|Any CPU
		{304E4677-48AB-400F-9CF4-3AB806074868}.Release|Any CPU.Build.0 = Release|Any CPU
	EndGlobalSection
	GlobalSection(SolutionProperties) = preSolution
		HideSolutionNode = FALSE
	EndGlobalSection
	GlobalSection(ExtensibilityGlobals) = postSolution
		SolutionGuid = {7D3F96B5-F91F-47E4-AF37-9771013582DE}
	EndGlobalSection
EndGlobal
